
Microsoft Visual Studio Solution File, Format Version 12.00
# Visual Studio Version 16
VisualStudioVersion = 16.0.31424.327
MinimumVisualStudioVersion = 10.0.40219.1
Project("{9A19103F-16F7-4668-BE54-9A1E7A4F7556}") = "Lollipop.Application", "Lollipop.Application\Lollipop.Application.csproj", "{A54B1306-F8F2-4DBD-A6E1-6750CF86067C}"
EndProject
Project("{9A19103F-16F7-4668-BE54-9A1E7A4F7556}") = "Lollipop.Core", "Lollipop.Core\Lollipop.Core.csproj", "{9F83A332-EA87-4FED-9164-5F41CFDD2712}"
EndProject
Project("{9A19103F-16F7-4668-BE54-9A1E7A4F7556}") = "Lollipop.CoreTests", "Lollipop.CoreTests\Lollipop.CoreTests.csproj", "{670FD9BA-3FBD-4438-94DC-F67D62E7334F}"
EndProject
Project("{9A19103F-16F7-4668-BE54-9A1E7A4F7556}") = "Lollipop.Persistence", "Lollipop.Persistence\Lollipop.Persistence.csproj", "{A2638D53-0E2D-4464-BD83-7F7C017A42D2}"
EndProject
Project("{9A19103F-16F7-4668-BE54-9A1E7A4F7556}") = "Lollipop.Infrastructure", "Lollipop.Infrastructure\Lollipop.Infrastructure.csproj", "{56FDEC93-7195-4FF4-B381-D92A8389E993}"
EndProject
Project("{9A19103F-16F7-4668-BE54-9A1E7A4F7556}") = "Lollipop.Tests", "Lollipop.Tests\Lollipop.Tests.csproj", "{53C236F5-7E2F-4BF4-B6E2-DDAE9AD14029}"
EndProject
Project("{FAE04EC0-301F-11D3-BF4B-00C04F79EFBC}") = "Lollipop.API", "Lollipop.API\Lollipop.API.csproj", "{982CC908-8ECA-4271-BF00-DADB69CB24B7}"
EndProject
Global
	GlobalSection(SolutionConfigurationPlatforms) = preSolution
		Debug|Any CPU = Debug|Any CPU
		Release|Any CPU = Release|Any CPU
	EndGlobalSection
	GlobalSection(ProjectConfigurationPlatforms) = postSolution
		{A54B1306-F8F2-4DBD-A6E1-6750CF86067C}.Debug|Any CPU.ActiveCfg = Debug|Any CPU
		{A54B1306-F8F2-4DBD-A6E1-6750CF86067C}.Debug|Any CPU.Build.0 = Debug|Any CPU
		{A54B1306-F8F2-4DBD-A6E1-6750CF86067C}.Release|Any CPU.ActiveCfg = Release|Any CPU
		{A54B1306-F8F2-4DBD-A6E1-6750CF86067C}.Release|Any CPU.Build.0 = Release|Any CPU
		{9F83A332-EA87-4FED-9164-5F41CFDD2712}.Debug|Any CPU.ActiveCfg = Debug|Any CPU
		{9F83A332-EA87-4FED-9164-5F41CFDD2712}.Debug|Any CPU.Build.0 = Debug|Any CPU
		{9F83A332-EA87-4FED-9164-5F41CFDD2712}.Release|Any CPU.ActiveCfg = Release|Any CPU
		{9F83A332-EA87-4FED-9164-5F41CFDD2712}.Release|Any CPU.Build.0 = Release|Any CPU
		{670FD9BA-3FBD-4438-94DC-F67D62E7334F}.Debug|Any CPU.ActiveCfg = Debug|Any CPU
		{670FD9BA-3FBD-4438-94DC-F67D62E7334F}.Debug|Any CPU.Build.0 = Debug|Any CPU
		{670FD9BA-3FBD-4438-94DC-F67D62E7334F}.Release|Any CPU.ActiveCfg = Release|Any CPU
		{670FD9BA-3FBD-4438-94DC-F67D62E7334F}.Release|Any CPU.Build.0 = Release|Any CPU
		{A2638D53-0E2D-4464-BD83-7F7C017A42D2}.Debug|Any CPU.ActiveCfg = Debug|Any CPU
		{A2638D53-0E2D-4464-BD83-7F7C017A42D2}.Debug|Any CPU.Build.0 = Debug|Any CPU
		{A2638D53-0E2D-4464-BD83-7F7C017A42D2}.Release|Any CPU.ActiveCfg = Release|Any CPU
		{A2638D53-0E2D-4464-BD83-7F7C017A42D2}.Release|Any CPU.Build.0 = Release|Any CPU
		{56FDEC93-7195-4FF4-B381-D92A8389E993}.Debug|Any CPU.ActiveCfg = Debug|Any CPU
		{56FDEC93-7195-4FF4-B381-D92A8389E993}.Debug|Any CPU.Build.0 = Debug|Any CPU
		{56FDEC93-7195-4FF4-B381-D92A8389E993}.Release|Any CPU.ActiveCfg = Release|Any CPU
		{56FDEC93-7195-4FF4-B381-D92A8389E993}.Release|Any CPU.Build.0 = Release|Any CPU
		{53C236F5-7E2F-4BF4-B6E2-DDAE9AD14029}.Debug|Any CPU.ActiveCfg = Debug|Any CPU
		{53C236F5-7E2F-4BF4-B6E2-DDAE9AD14029}.Debug|Any CPU.Build.0 = Debug|Any CPU
		{53C236F5-7E2F-4BF4-B6E2-DDAE9AD14029}.Release|Any CPU.ActiveCfg = Release|Any CPU
		{53C236F5-7E2F-4BF4-B6E2-DDAE9AD14029}.Release|Any CPU.Build.0 = Release|Any CPU
		{982CC908-8ECA-4271-BF00-DADB69CB24B7}.Debug|Any CPU.ActiveCfg = Debug|Any CPU
		{982CC908-8ECA-4271-BF00-DADB69CB24B7}.Debug|Any CPU.Build.0 = Debug|Any CPU
		{982CC908-8ECA-4271-BF00-DADB69CB24B7}.Release|Any CPU.ActiveCfg = Release|Any CPU
		{982CC908-8ECA-4271-BF00-DADB69CB24B7}.Release|Any CPU.Build.0 = Release|Any CPU
	EndGlobalSection
	GlobalSection(SolutionProperties) = preSolution
		HideSolutionNode = FALSE
	EndGlobalSection
	GlobalSection(ExtensibilityGlobals) = postSolution
		SolutionGuid = {C1166C04-F222-49FE-8691-E0DBE18C9278}
	EndGlobalSection
EndGlobal
